
Microsoft Visual Studio Solution File, Format Version 12.00
# Visual Studio Version 16
VisualStudioVersion = 16.0.29306.81
MinimumVisualStudioVersion = 10.0.40219.1
Project("{FAE04EC0-301F-11D3-BF4B-00C04F79EFBC}") = "autok", "autok\autok.csproj", "{6467237F-7049-470F-A2F4-7E9532FA724B}"
EndProject
Global
	GlobalSection(SolutionConfigurationPlatforms) = preSolution
		Debug|Any CPU = Debug|Any CPU
		Release|Any CPU = Release|Any CPU
	EndGlobalSection
	GlobalSection(ProjectConfigurationPlatforms) = postSolution
		{6467237F-7049-470F-A2F4-7E9532FA724B}.Debug|Any CPU.ActiveCfg = Debug|Any CPU
		{6467237F-7049-470F-A2F4-7E9532FA724B}.Debug|Any CPU.Build.0 = Debug|Any CPU
		{6467237F-7049-470F-A2F4-7E9532FA724B}.Release|Any CPU.ActiveCfg = Release|Any CPU
		{6467237F-7049-470F-A2F4-7E9532FA724B}.Release|Any CPU.Build.0 = Release|Any CPU
	EndGlobalSection
	GlobalSection(SolutionProperties) = preSolution
		HideSolutionNode = FALSE
	EndGlobalSection
	GlobalSection(ExtensibilityGlobals) = postSolution
		SolutionGuid = {6F43803C-8D08-4549-87F5-2C87764E2D29}
	EndGlobalSection
EndGlobal
